
Microsoft Visual Studio Solution File, Format Version 12.00
# Visual Studio Version 17
VisualStudioVersion = 17.7.34221.43
MinimumVisualStudioVersion = 10.0.40219.1
Project("{FAE04EC0-301F-11D3-BF4B-00C04F79EFBC}") = "Grafos", "Grafos\Grafos.csproj", "{7B88DC2A-8A2B-4D9A-8D33-4DEADD7069A3}"
EndProject
Global
	GlobalSection(SolutionConfigurationPlatforms) = preSolution
		Debug|Any CPU = Debug|Any CPU
		Release|Any CPU = Release|Any CPU
	EndGlobalSection
	GlobalSection(ProjectConfigurationPlatforms) = postSolution
		{7B88DC2A-8A2B-4D9A-8D33-4DEADD7069A3}.Debug|Any CPU.ActiveCfg = Debug|Any CPU
		{7B88DC2A-8A2B-4D9A-8D33-4DEADD7069A3}.Debug|Any CPU.Build.0 = Debug|Any CPU
		{7B88DC2A-8A2B-4D9A-8D33-4DEADD7069A3}.Release|Any CPU.ActiveCfg = Release|Any CPU
		{7B88DC2A-8A2B-4D9A-8D33-4DEADD7069A3}.Release|Any CPU.Build.0 = Release|Any CPU
	EndGlobalSection
	GlobalSection(SolutionProperties) = preSolution
		HideSolutionNode = FALSE
	EndGlobalSection
	GlobalSection(ExtensibilityGlobals) = postSolution
		SolutionGuid = {B7A531B5-5FC0-458B-B002-A5BE164F57FB}
	EndGlobalSection
EndGlobal
